
Microsoft Visual Studio Solution File, Format Version 12.00
# Visual Studio Version 17
VisualStudioVersion = 17.5.002.0
MinimumVisualStudioVersion = 10.0.40219.1
Project("{9A19103F-16F7-4668-BE54-9A1E7A4F7556}") = "urlhandler", "urlhandler.csproj", "{E7307A46-E9E2-4739-ABDD-F814AB845390}"
EndProject
Global
	GlobalSection(SolutionConfigurationPlatforms) = preSolution
		Debug|Any CPU = Debug|Any CPU
		Release|Any CPU = Release|Any CPU
	EndGlobalSection
	GlobalSection(ProjectConfigurationPlatforms) = postSolution
		{E7307A46-E9E2-4739-ABDD-F814AB845390}.Debug|Any CPU.ActiveCfg = Debug|Any CPU
		{E7307A46-E9E2-4739-ABDD-F814AB845390}.Debug|Any CPU.Build.0 = Debug|Any CPU
		{E7307A46-E9E2-4739-ABDD-F814AB845390}.Release|Any CPU.ActiveCfg = Release|Any CPU
		{E7307A46-E9E2-4739-ABDD-F814AB845390}.Release|Any CPU.Build.0 = Release|Any CPU
	EndGlobalSection
	GlobalSection(SolutionProperties) = preSolution
		HideSolutionNode = FALSE
	EndGlobalSection
	GlobalSection(ExtensibilityGlobals) = postSolution
		SolutionGuid = {3A69B0AB-D933-49A5-ABD6-37E05580B906}
	EndGlobalSection
EndGlobal
